{
  "name": "pixi",
  "lockfileVersion": 3,
  "requires": true,
  "packages": {
    "": {
      "dependencies": {
        "@pixi/ui": "^2.3.0"
      }
    },
    "node_modules/@pixi/colord": {
      "version": "2.9.6",
      "resolved": "https://registry.npmjs.org/@pixi/colord/-/colord-2.9.6.tgz",
      "integrity": "sha512-nezytU2pw587fQstUu1AsJZDVEynjskwOL+kibwcdxsMBFqPsFFNA7xl0ii/gXuDi6M0xj3mfRJj8pBSc2jCfA==",
      "peer": true
    },
    "node_modules/@pixi/ui": {
      "version": "2.3.0",
      "resolved": "https://registry.npmjs.org/@pixi/ui/-/ui-2.3.0.tgz",
      "integrity": "sha512-3L3q3J5XhdYgLezXGLaFlc2O2UUSV8RDRgaYjCtOpnwfuOSZlq6/qdK0ZIthf1MUn5Xs1NWAtTEIHzP2NFE2xg==",
      "license": "MIT",
      "dependencies": {
        "tweedle.js": "^2.1.0",
        "typed-signals": "^2.5.0"
      },
      "peerDependencies": {
        "pixi.js": "^8.6.2"
      }
    },
    "node_modules/@types/css-font-loading-module": {
      "version": "0.0.12",
      "resolved": "https://registry.npmjs.org/@types/css-font-loading-module/-/css-font-loading-module-0.0.12.tgz",
      "integrity": "sha512-x2tZZYkSxXqWvTDgveSynfjq/T2HyiZHXb00j/+gy19yp70PHCizM48XFdjBCWH7eHBD0R5i/pw9yMBP/BH5uA==",
      "peer": true
    },
    "node_modules/@types/earcut": {
      "version": "3.0.0",
      "resolved": "https://registry.npmjs.org/@types/earcut/-/earcut-3.0.0.tgz",
      "integrity": "sha512-k/9fOUGO39yd2sCjrbAJvGDEQvRwRnQIZlBz43roGwUZo5SHAmyVvSFyaVVZkicRVCaDXPKlbxrUcBuJoSWunQ==",
      "license": "MIT",
      "peer": true
    },
    "node_modules/@webgpu/types": {
      "version": "0.1.40",
      "resolved": "https://registry.npmjs.org/@webgpu/types/-/types-0.1.40.tgz",
      "integrity": "sha512-/BBkHLS6/eQjyWhY2H7Dx5DHcVrS2ICj9owvSRdgtQT6KcafLZA86tPze0xAOsd4FbsYKCUBUQyNi87q7gV7kw==",
      "peer": true
    },
    "node_modules/@xmldom/xmldom": {
      "version": "0.8.10",
      "resolved": "https://registry.npmjs.org/@xmldom/xmldom/-/xmldom-0.8.10.tgz",
      "integrity": "sha512-2WALfTl4xo2SkGCYRt6rDTFfk9R1czmBvUQy12gK2KuRKIpWEhcbbzy8EZXtz/jkRqHX8bFEc6FC1HjX4TUWYw==",
      "peer": true,
      "engines": {
        "node": ">=10.0.0"
      }
    },
    "node_modules/earcut": {
      "version": "3.0.2",
      "resolved": "https://registry.npmjs.org/earcut/-/earcut-3.0.2.tgz",
      "integrity": "sha512-X7hshQbLyMJ/3RPhyObLARM2sNxxmRALLKx1+NVFFnQ9gKzmCrxm9+uLIAdBcvc8FNLpctqlQ2V6AE92Ol9UDQ==",
      "license": "ISC",
      "peer": true
    },
    "node_modules/eventemitter3": {
      "version": "5.0.1",
      "resolved": "https://registry.npmjs.org/eventemitter3/-/eventemitter3-5.0.1.tgz",
      "integrity": "sha512-GWkBvjiSZK87ELrYOSESUYeVIc9mvLLf/nXalMOS5dYrgZq9o5OVkbZAVM06CVxYsCwH9BDZFPlQTlPA1j4ahA==",
      "peer": true
    },
    "node_modules/gifuct-js": {
      "version": "2.1.2",
      "resolved": "https://registry.npmjs.org/gifuct-js/-/gifuct-js-2.1.2.tgz",
      "integrity": "sha512-rI2asw77u0mGgwhV3qA+OEgYqaDn5UNqgs+Bx0FGwSpuqfYn+Ir6RQY5ENNQ8SbIiG/m5gVa7CD5RriO4f4Lsg==",
      "license": "MIT",
      "peer": true,
      "dependencies": {
        "js-binary-schema-parser": "^2.0.3"
      }
    },
    "node_modules/ismobilejs": {
      "version": "1.1.1",
      "resolved": "https://registry.npmjs.org/ismobilejs/-/ismobilejs-1.1.1.tgz",
      "integrity": "sha512-VaFW53yt8QO61k2WJui0dHf4SlL8lxBofUuUmwBo0ljPk0Drz2TiuDW4jo3wDcv41qy/SxrJ+VAzJ/qYqsmzRw==",
      "peer": true
    },
    "node_modules/js-binary-schema-parser": {
      "version": "2.0.3",
      "resolved": "https://registry.npmjs.org/js-binary-schema-parser/-/js-binary-schema-parser-2.0.3.tgz",
      "integrity": "sha512-xezGJmOb4lk/M1ZZLTR/jaBHQ4gG/lqQnJqdIv4721DMggsa1bDVlHXNeHYogaIEHD9vCRv0fcL4hMA+Coarkg==",
      "license": "MIT",
      "peer": true
    },
    "node_modules/parse-svg-path": {
      "version": "0.1.2",
      "resolved": "https://registry.npmjs.org/parse-svg-path/-/parse-svg-path-0.1.2.tgz",
      "integrity": "sha512-JyPSBnkTJ0AI8GGJLfMXvKq42cj5c006fnLz6fXy6zfoVjJizi8BNTpu8on8ziI1cKy9d9DGNuY17Ce7wuejpQ==",
      "peer": true
    },
    "node_modules/pixi.js": {
      "version": "8.14.2",
      "resolved": "https://registry.npmjs.org/pixi.js/-/pixi.js-8.14.2.tgz",
      "integrity": "sha512-UjZ2OQ/dU0hDJOKQvUGu8j131cd7uBOkIAmzgLmLB5wegKy+DpeQqagfARSfo85E7Hb8GUJ2n+p58V/prETRrA==",
      "license": "MIT",
      "peer": true,
      "dependencies": {
        "@pixi/colord": "^2.9.6",
        "@types/css-font-loading-module": "^0.0.12",
        "@types/earcut": "^3.0.0",
        "@webgpu/types": "^0.1.40",
        "@xmldom/xmldom": "^0.8.10",
        "earcut": "^3.0.2",
        "eventemitter3": "^5.0.1",
        "gifuct-js": "^2.1.2",
        "ismobilejs": "^1.1.1",
        "parse-svg-path": "^0.1.2",
        "tiny-lru": "^11.4.5"
      },
      "funding": {
        "type": "opencollective",
        "url": "https://opencollective.com/pixijs"
      }
    },
    "node_modules/tiny-lru": {
      "version": "11.4.5",
      "resolved": "https://registry.npmjs.org/tiny-lru/-/tiny-lru-11.4.5.tgz",
      "integrity": "sha512-hkcz3FjNJfKXjV4mjQ1OrXSLAehg8Hw+cEZclOVT+5c/cWQWImQ9wolzTjth+dmmDe++p3bme3fTxz6Q4Etsqw==",
      "license": "BSD-3-Clause",
      "peer": true,
      "engines": {
        "node": ">=12"
      }
    },
    "node_modules/tweedle.js": {
      "version": "2.1.0",
      "resolved": "https://registry.npmjs.org/tweedle.js/-/tweedle.js-2.1.0.tgz",
      "integrity": "sha512-0ReQgVjepoZkE6t0upWNgCRbplHkQJQYk1LStXugwSR728GLFmGDRuaQJlxeC/iBlxud6+P1RdODjaO25vHAqw==",
      "license": "MIT"
    },
    "node_modules/typed-signals": {
      "version": "2.5.0",
      "resolved": "https://registry.npmjs.org/typed-signals/-/typed-signals-2.5.0.tgz",
      "integrity": "sha512-m9lHc3eBCJerXYdx+G0uWZihyUXdqTzzgOdqiDDsoUo75WjhFJH6vP5/6w/xhyu04zoxHUqgYhf9FEt85dk/Ng==",
      "license": "CC0-1.0"
    }
  }
}
